
Microsoft Visual Studio Solution File, Format Version 12.00
# Visual Studio Version 17
VisualStudioVersion = 17.9.34728.123
MinimumVisualStudioVersion = 10.0.40219.1
Project("{FAE04EC0-301F-11D3-BF4B-00C04F79EFBC}") = "Client_side", "Client_side.csproj", "{12C91A0D-CCC9-4029-8850-0C9B4476F10A}"
EndProject
Global
	GlobalSection(SolutionConfigurationPlatforms) = preSolution
		Debug|Any CPU = Debug|Any CPU
		Release|Any CPU = Release|Any CPU
	EndGlobalSection
	GlobalSection(ProjectConfigurationPlatforms) = postSolution
		{12C91A0D-CCC9-4029-8850-0C9B4476F10A}.Debug|Any CPU.ActiveCfg = Debug|Any CPU
		{12C91A0D-CCC9-4029-8850-0C9B4476F10A}.Debug|Any CPU.Build.0 = Debug|Any CPU
		{12C91A0D-CCC9-4029-8850-0C9B4476F10A}.Release|Any CPU.ActiveCfg = Release|Any CPU
		{12C91A0D-CCC9-4029-8850-0C9B4476F10A}.Release|Any CPU.Build.0 = Release|Any CPU
	EndGlobalSection
	GlobalSection(SolutionProperties) = preSolution
		HideSolutionNode = FALSE
	EndGlobalSection
	GlobalSection(ExtensibilityGlobals) = postSolution
		SolutionGuid = {F7683F21-7679-4E2D-A06F-9AF75B524EC5}
	EndGlobalSection
EndGlobal
